# This file was autogenerated by Stack.
# You should not edit this file by hand.
# For more information, please see the documentation at:
#   https://docs.haskellstack.org/en/stable/lock_files

packages:
- completed:
    hackage: distributed-process-0.6.6@sha256:5958661e4bceb18f38e9eb9828a58d1c811102f84a74376d7b18b88cde8ba1e7,7086
    pantry-tree:
      size: 3203
      sha256: 558b819e87ea1066c6de33c88016bcc99fdc3c49554aa7da728a57c409906540
  original:
    hackage: distributed-process-0.6.6
- completed:
    hackage: distributed-process-client-server-0.2.3@sha256:20bb40b5a5afb9aeb2db8449db3f3646c255e0bcfc8dc8ac5e9d6008aae86bcb,5906
    pantry-tree:
      size: 1760
      sha256: caa63462eff28a529dda25e6d66e19eaf00c0c52a51b4db5d2eba2f3ef396ccf
  original:
    hackage: distributed-process-client-server-0.2.3
- completed:
    hackage: distributed-process-extras-0.3.2@sha256:0ce943845b07c684bdaa074bbd1afc7e5fc680b2c37d4415c28d60df49d9a311,7376
    pantry-tree:
      size: 1779
      sha256: 93f5518ae3114aff6ea9f145c6b706fa659e204efa7c87b9eea0b9eaa31384bd
  original:
    hackage: distributed-process-extras-0.3.2
- completed:
    hackage: network-transport-0.4.4.0@sha256:4f11f919f46725881274a02cab5d4c586fa85a7059cc1a4d6433153bbac501bf,4051
    pantry-tree:
      size: 419
      sha256: 814e8e8604264d500fe5237c29b576b554495a4acef5a62ede5e725fa11a1b59
  original:
    hackage: network-transport-0.4.4.0
- completed:
    hackage: network-transport-tcp-0.5.1@sha256:589240adc163c65641f321d65f85e1df6f89e7440662d391f0de5d2caf41f0e8,3274
    pantry-tree:
      size: 650
      sha256: f0c4f476cfcf1e3d7ccac193e3d41c83ff20ff18a9c6220bdf9aff0fd41a4fa0
  original:
    hackage: network-transport-tcp-0.5.1
- completed:
    hackage: distributed-process-async-0.2.4.1@sha256:c01b20f5ebf6dcb4962724dfd878f8de75be5b50006af81d54641f5aa12cb0a8,3012
    pantry-tree:
      size: 407
      sha256: b2c8ed6b8e1fd61dcbc3246f808d360e4a9fabca21e0d76a14b082b371ca7e5a
  original:
    hackage: distributed-process-async-0.2.4.1
- completed:
    hackage: distributed-process-simplelocalnet-0.2.3.3@sha256:4ccf03a12611141e322511b6370e2f757e215f17e68fc3f68485ec5b48fa8f70,3050
    pantry-tree:
      size: 510
      sha256: 0b54deaa48dc37791b74ba82bc7dcb3eef683a7d9b4198b8e4567d5cf88f0b81
  original:
    hackage: distributed-process-simplelocalnet-0.2.3.3
- completed:
    hackage: syb-0.6@sha256:9d5ac26aa923516a2e3705275dff1fa7bff989ff4b607668acc1264c6d7b1695,2462
    pantry-tree:
      size: 3345
      sha256: 48b20a7301e11a5f432752be5a8c4713918df0113d6426b9e8eca81cab60500d
  original:
    hackage: syb-0.6
snapshots:
- completed:
    size: 535915
    url: https://raw.githubusercontent.com/commercialhaskell/stackage-snapshots/master/lts/9/17.yaml
    sha256: 82ff94eacdc32a857e5aec82268644fdc3d5bfca07692ceeeb97e2d8ce5726ef
  original: lts-9.17
